
Microsoft Visual Studio Solution File, Format Version 12.00
# Visual Studio Version 16
VisualStudioVersion = 16.0.30717.126
MinimumVisualStudioVersion = 10.0.40219.1
Project("{FAE04EC0-301F-11D3-BF4B-00C04F79EFBC}") = "ReverseNumber", "ReverseNumber.csproj", "{8E2E0C0E-BF23-4C6D-840F-8D7F9F36203C}"
EndProject
Global
	GlobalSection(SolutionConfigurationPlatforms) = preSolution
		Debug|Any CPU = Debug|Any CPU
		Release|Any CPU = Release|Any CPU
	EndGlobalSection
	GlobalSection(ProjectConfigurationPlatforms) = postSolution
		{8E2E0C0E-BF23-4C6D-840F-8D7F9F36203C}.Debug|Any CPU.ActiveCfg = Debug|Any CPU
		{8E2E0C0E-BF23-4C6D-840F-8D7F9F36203C}.Debug|Any CPU.Build.0 = Debug|Any CPU
		{8E2E0C0E-BF23-4C6D-840F-8D7F9F36203C}.Release|Any CPU.ActiveCfg = Release|Any CPU
		{8E2E0C0E-BF23-4C6D-840F-8D7F9F36203C}.Release|Any CPU.Build.0 = Release|Any CPU
	EndGlobalSection
	GlobalSection(SolutionProperties) = preSolution
		HideSolutionNode = FALSE
	EndGlobalSection
	GlobalSection(ExtensibilityGlobals) = postSolution
		SolutionGuid = {CBB7A683-201F-41BA-BB19-4B0E15CD2E2E}
	EndGlobalSection
EndGlobal
